
Microsoft Visual Studio Solution File, Format Version 12.00
# Visual Studio Version 17
VisualStudioVersion = 17.9.34723.18
MinimumVisualStudioVersion = 10.0.40219.1
Project("{FAE04EC0-301F-11D3-BF4B-00C04F79EFBC}") = "BulkyWeb", "BulkyWeb\BulkyWeb.csproj", "{D163F831-DB1B-4F90-813D-98575A87A92F}"
EndProject
Global
	GlobalSection(SolutionConfigurationPlatforms) = preSolution
		Debug|Any CPU = Debug|Any CPU
		Release|Any CPU = Release|Any CPU
	EndGlobalSection
	GlobalSection(ProjectConfigurationPlatforms) = postSolution
		{D163F831-DB1B-4F90-813D-98575A87A92F}.Debug|Any CPU.ActiveCfg = Debug|Any CPU
		{D163F831-DB1B-4F90-813D-98575A87A92F}.Debug|Any CPU.Build.0 = Debug|Any CPU
		{D163F831-DB1B-4F90-813D-98575A87A92F}.Release|Any CPU.ActiveCfg = Release|Any CPU
		{D163F831-DB1B-4F90-813D-98575A87A92F}.Release|Any CPU.Build.0 = Release|Any CPU
	EndGlobalSection
	GlobalSection(SolutionProperties) = preSolution
		HideSolutionNode = FALSE
	EndGlobalSection
	GlobalSection(ExtensibilityGlobals) = postSolution
		SolutionGuid = {A50C70D4-7FA9-4A79-9B25-8F9C449953B4}
	EndGlobalSection
EndGlobal
